// !$*UTF8*$!
{
	archiveVersion = 1;
	classes = {
	};
	objectVersion = 56;
	objects = {

/* Begin PBXBuildFile section */
		ABA49A882C202DDA004888CC /* _024_NC2_M20_ScreenTimeApp.swift in Sources */ = {isa = PBXBuildFile; fileRef = ABA49A872C202DDA004888CC /* _024_NC2_M20_ScreenTimeApp.swift */; };
		ABA49A8C2C202DDB004888CC /* Assets.xcassets in Resources */ = {isa = PBXBuildFile; fileRef = ABA49A8B2C202DDB004888CC /* Assets.xcassets */; };
		ABA49A8F2C202DDB004888CC /* Preview Assets.xcassets in Resources */ = {isa = PBXBuildFile; fileRef = ABA49A8E2C202DDB004888CC /* Preview Assets.xcassets */; };
		ABA49A9D2C212580004888CC /* RoutinePrepareView.swift in Sources */ = {isa = PBXBuildFile; fileRef = ABA49A9C2C212580004888CC /* RoutinePrepareView.swift */; };
		ABA49A9F2C212628004888CC /* Shape+Extension.swift in Sources */ = {isa = PBXBuildFile; fileRef = ABA49A9E2C212628004888CC /* Shape+Extension.swift */; };
		ABA49AA32C212B53004888CC /* ManagedSettingModel.swift in Sources */ = {isa = PBXBuildFile; fileRef = ABA49AA22C212B53004888CC /* ManagedSettingModel.swift */; };
		AD66221B2C225E3900297711 /* MainView.swift in Sources */ = {isa = PBXBuildFile; fileRef = AD66221A2C225E3900297711 /* MainView.swift */; };
		AD66221D2C225EA600297711 /* ContentView.swift in Sources */ = {isa = PBXBuildFile; fileRef = AD66221C2C225EA600297711 /* ContentView.swift */; };
		AD6622212C22677700297711 /* FocusTimerView.swift in Sources */ = {isa = PBXBuildFile; fileRef = AD6622202C22677700297711 /* FocusTimerView.swift */; };
		AD6622232C22678800297711 /* TimerModel.swift in Sources */ = {isa = PBXBuildFile; fileRef = AD6622222C22678800297711 /* TimerModel.swift */; };
		AD6622252C22A7A000297711 /* RestTimerView.swift in Sources */ = {isa = PBXBuildFile; fileRef = AD6622242C22A7A000297711 /* RestTimerView.swift */; };
		AD66222B2C22AD4E00297711 /* CycleCountModel.swift in Sources */ = {isa = PBXBuildFile; fileRef = AD66222A2C22AD4E00297711 /* CycleCountModel.swift */; };
		CE4B39552C2129D000F69474 /* FullScreenView25.swift in Sources */ = {isa = PBXBuildFile; fileRef = CE4B39542C2129D000F69474 /* FullScreenView25.swift */; };
		CE4B395A2C21CB4600F69474 /* NextButton.swift in Sources */ = {isa = PBXBuildFile; fileRef = CE4B39592C21CB4600F69474 /* NextButton.swift */; };
		CE4B395C2C21CC1800F69474 /* RoutineButton.swift in Sources */ = {isa = PBXBuildFile; fileRef = CE4B395B2C21CC1800F69474 /* RoutineButton.swift */; };
		CE4B39602C21E69800F69474 /* FinalView.swift in Sources */ = {isa = PBXBuildFile; fileRef = CE4B395F2C21E69800F69474 /* FinalView.swift */; };
		CE4B39642C21EF7200F69474 /* FullScreenViewcycle.swift in Sources */ = {isa = PBXBuildFile; fileRef = CE4B39632C21EF7200F69474 /* FullScreenViewcycle.swift */; };
/* End PBXBuildFile section */

/* Begin PBXFileReference section */
		ABA49A842C202DDA004888CC /* 2024-NC2-M20-ScreenTime.app */ = {isa = PBXFileReference; explicitFileType = wrapper.application; includeInIndex = 0; path = "2024-NC2-M20-ScreenTime.app"; sourceTree = BUILT_PRODUCTS_DIR; };
		ABA49A872C202DDA004888CC /* _024_NC2_M20_ScreenTimeApp.swift */ = {isa = PBXFileReference; lastKnownFileType = sourcecode.swift; path = _024_NC2_M20_ScreenTimeApp.swift; sourceTree = "<group>"; };
		ABA49A8B2C202DDB004888CC /* Assets.xcassets */ = {isa = PBXFileReference; lastKnownFileType = folder.assetcatalog; path = Assets.xcassets; sourceTree = "<group>"; };
		ABA49A8E2C202DDB004888CC /* Preview Assets.xcassets */ = {isa = PBXFileReference; lastKnownFileType = folder.assetcatalog; path = "Preview Assets.xcassets"; sourceTree = "<group>"; };
		ABA49A9C2C212580004888CC /* RoutinePrepareView.swift */ = {isa = PBXFileReference; lastKnownFileType = sourcecode.swift; path = RoutinePrepareView.swift; sourceTree = "<group>"; };
		ABA49A9E2C212628004888CC /* Shape+Extension.swift */ = {isa = PBXFileReference; lastKnownFileType = sourcecode.swift; path = "Shape+Extension.swift"; sourceTree = "<group>"; };
		ABA49AA22C212B53004888CC /* ManagedSettingModel.swift */ = {isa = PBXFileReference; lastKnownFileType = sourcecode.swift; path = ManagedSettingModel.swift; sourceTree = "<group>"; };
		ABA49AA42C212BF8004888CC /* 2024-NC2-M20-ScreenTime.entitlements */ = {isa = PBXFileReference; lastKnownFileType = text.plist.entitlements; path = "2024-NC2-M20-ScreenTime.entitlements"; sourceTree = "<group>"; };
		AD66221A2C225E3900297711 /* MainView.swift */ = {isa = PBXFileReference; lastKnownFileType = sourcecode.swift; path = MainView.swift; sourceTree = "<group>"; };
		AD66221C2C225EA600297711 /* ContentView.swift */ = {isa = PBXFileReference; lastKnownFileType = sourcecode.swift; path = ContentView.swift; sourceTree = "<group>"; };
		AD6622202C22677700297711 /* FocusTimerView.swift */ = {isa = PBXFileReference; lastKnownFileType = sourcecode.swift; path = FocusTimerView.swift; sourceTree = "<group>"; };
		AD6622222C22678800297711 /* TimerModel.swift */ = {isa = PBXFileReference; lastKnownFileType = sourcecode.swift; path = TimerModel.swift; sourceTree = "<group>"; };
		AD6622242C22A7A000297711 /* RestTimerView.swift */ = {isa = PBXFileReference; lastKnownFileType = sourcecode.swift; path = RestTimerView.swift; sourceTree = "<group>"; };
		AD66222A2C22AD4E00297711 /* CycleCountModel.swift */ = {isa = PBXFileReference; lastKnownFileType = sourcecode.swift; path = CycleCountModel.swift; sourceTree = "<group>"; };
		CE4B39542C2129D000F69474 /* FullScreenView25.swift */ = {isa = PBXFileReference; lastKnownFileType = sourcecode.swift; path = FullScreenView25.swift; sourceTree = "<group>"; };
		CE4B39592C21CB4600F69474 /* NextButton.swift */ = {isa = PBXFileReference; lastKnownFileType = sourcecode.swift; path = NextButton.swift; sourceTree = "<group>"; };
		CE4B395B2C21CC1800F69474 /* RoutineButton.swift */ = {isa = PBXFileReference; lastKnownFileType = sourcecode.swift; path = RoutineButton.swift; sourceTree = "<group>"; };
		CE4B395F2C21E69800F69474 /* FinalView.swift */ = {isa = PBXFileReference; lastKnownFileType = sourcecode.swift; path = FinalView.swift; sourceTree = "<group>"; };
		CE4B39632C21EF7200F69474 /* FullScreenViewcycle.swift */ = {isa = PBXFileReference; lastKnownFileType = sourcecode.swift; path = FullScreenViewcycle.swift; sourceTree = "<group>"; };
/* End PBXFileReference section */

/* Begin PBXFrameworksBuildPhase section */
		ABA49A812C202DDA004888CC /* Frameworks */ = {
			isa = PBXFrameworksBuildPhase;
			buildActionMask = 2147483647;
			files = (
			);
			runOnlyForDeploymentPostprocessing = 0;
		};
/* End PBXFrameworksBuildPhase section */

/* Begin PBXGroup section */
		ABA49A7B2C202DDA004888CC = {
			isa = PBXGroup;
			children = (
				ABA49A862C202DDA004888CC /* 2024-NC2-M20-ScreenTime */,
				ABA49A852C202DDA004888CC /* Products */,
			);
			sourceTree = "<group>";
		};
		ABA49A852C202DDA004888CC /* Products */ = {
			isa = PBXGroup;
			children = (
				ABA49A842C202DDA004888CC /* 2024-NC2-M20-ScreenTime.app */,
			);
			name = Products;
			sourceTree = "<group>";
		};
		ABA49A862C202DDA004888CC /* 2024-NC2-M20-ScreenTime */ = {
			isa = PBXGroup;
			children = (
				ABA49AA42C212BF8004888CC /* 2024-NC2-M20-ScreenTime.entitlements */,
				ABA49A872C202DDA004888CC /* _024_NC2_M20_ScreenTimeApp.swift */,
				AD66221E2C2265DD00297711 /* Utility */,
				CE4B39572C21CB0900F69474 /* View */,
				CE4B39562C21CB0000F69474 /* Components */,
				AD66221F2C2265EA00297711 /* Model */,
				ABA49A8D2C202DDB004888CC /* Preview Content */,
				ABA49A8B2C202DDB004888CC /* Assets.xcassets */,
			);
			path = "2024-NC2-M20-ScreenTime";
			sourceTree = "<group>";
		};
		ABA49A8D2C202DDB004888CC /* Preview Content */ = {
			isa = PBXGroup;
			children = (
				ABA49A8E2C202DDB004888CC /* Preview Assets.xcassets */,
			);
			path = "Preview Content";
			sourceTree = "<group>";
		};
		AD66221E2C2265DD00297711 /* Utility */ = {
			isa = PBXGroup;
			children = (
				ABA49A9E2C212628004888CC /* Shape+Extension.swift */,
			);
			path = Utility;
			sourceTree = "<group>";
		};
		AD66221F2C2265EA00297711 /* Model */ = {
			isa = PBXGroup;
			children = (
				AD6622222C22678800297711 /* TimerModel.swift */,
				ABA49AA22C212B53004888CC /* ManagedSettingModel.swift */,
				AD66222A2C22AD4E00297711 /* CycleCountModel.swift */,
			);
			path = Model;
			sourceTree = "<group>";
		};
		CE4B39562C21CB0000F69474 /* Components */ = {
			isa = PBXGroup;
			children = (
				CE4B39592C21CB4600F69474 /* NextButton.swift */,
				CE4B395B2C21CC1800F69474 /* RoutineButton.swift */,
			);
			path = Components;
			sourceTree = "<group>";
		};
		CE4B39572C21CB0900F69474 /* View */ = {
			isa = PBXGroup;
			children = (
				AD66221C2C225EA600297711 /* ContentView.swift */,
				AD66221A2C225E3900297711 /* MainView.swift */,
				CE4B395F2C21E69800F69474 /* FinalView.swift */,
				ABA49A9C2C212580004888CC /* RoutinePrepareView.swift */,
				CE4B39542C2129D000F69474 /* FullScreenView25.swift */,
				CE4B39632C21EF7200F69474 /* FullScreenViewcycle.swift */,
				AD6622202C22677700297711 /* FocusTimerView.swift */,
				AD6622242C22A7A000297711 /* RestTimerView.swift */,
			);
			path = View;
			sourceTree = "<group>";
		};
/* End PBXGroup section */

/* Begin PBXNativeTarget section */
		ABA49A832C202DDA004888CC /* 2024-NC2-M20-ScreenTime */ = {
			isa = PBXNativeTarget;
			buildConfigurationList = ABA49A922C202DDB004888CC /* Build configuration list for PBXNativeTarget "2024-NC2-M20-ScreenTime" */;
			buildPhases = (
				ABA49A802C202DDA004888CC /* Sources */,
				ABA49A812C202DDA004888CC /* Frameworks */,
				ABA49A822C202DDA004888CC /* Resources */,
			);
			buildRules = (
			);
			dependencies = (
			);
			name = "2024-NC2-M20-ScreenTime";
			productName = "2024-NC2-M20-ScreenTime";
			productReference = ABA49A842C202DDA004888CC /* 2024-NC2-M20-ScreenTime.app */;
			productType = "com.apple.product-type.application";
		};
/* End PBXNativeTarget section */

/* Begin PBXProject section */
		ABA49A7C2C202DDA004888CC /* Project object */ = {
			isa = PBXProject;
			attributes = {
				BuildIndependentTargetsInParallel = 1;
				LastSwiftUpdateCheck = 1540;
				LastUpgradeCheck = 1540;
				TargetAttributes = {
					ABA49A832C202DDA004888CC = {
						CreatedOnToolsVersion = 15.4;
					};
				};
			};
			buildConfigurationList = ABA49A7F2C202DDA004888CC /* Build configuration list for PBXProject "2024-NC2-M20-ScreenTime" */;
			compatibilityVersion = "Xcode 14.0";
			developmentRegion = en;
			hasScannedForEncodings = 0;
			knownRegions = (
				en,
				Base,
			);
			mainGroup = ABA49A7B2C202DDA004888CC;
			productRefGroup = ABA49A852C202DDA004888CC /* Products */;
			projectDirPath = "";
			projectRoot = "";
			targets = (
				ABA49A832C202DDA004888CC /* 2024-NC2-M20-ScreenTime */,
			);
		};
/* End PBXProject section */

/* Begin PBXResourcesBuildPhase section */
		ABA49A822C202DDA004888CC /* Resources */ = {
			isa = PBXResourcesBuildPhase;
			buildActionMask = 2147483647;
			files = (
				ABA49A8F2C202DDB004888CC /* Preview Assets.xcassets in Resources */,
				ABA49A8C2C202DDB004888CC /* Assets.xcassets in Resources */,
			);
			runOnlyForDeploymentPostprocessing = 0;
		};
/* End PBXResourcesBuildPhase section */

/* Begin PBXSourcesBuildPhase section */
		ABA49A802C202DDA004888CC /* Sources */ = {
			isa = PBXSourcesBuildPhase;
			buildActionMask = 2147483647;
			files = (
				ABA49AA32C212B53004888CC /* ManagedSettingModel.swift in Sources */,
				AD66221D2C225EA600297711 /* ContentView.swift in Sources */,
				ABA49A9F2C212628004888CC /* Shape+Extension.swift in Sources */,
				CE4B395C2C21CC1800F69474 /* RoutineButton.swift in Sources */,
				AD66221B2C225E3900297711 /* MainView.swift in Sources */,
				CE4B395A2C21CB4600F69474 /* NextButton.swift in Sources */,
				AD6622232C22678800297711 /* TimerModel.swift in Sources */,
				AD6622212C22677700297711 /* FocusTimerView.swift in Sources */,
				AD6622252C22A7A000297711 /* RestTimerView.swift in Sources */,
				CE4B39642C21EF7200F69474 /* FullScreenViewcycle.swift in Sources */,
				CE4B39602C21E69800F69474 /* FinalView.swift in Sources */,
				CE4B39552C2129D000F69474 /* FullScreenView25.swift in Sources */,
				ABA49A882C202DDA004888CC /* _024_NC2_M20_ScreenTimeApp.swift in Sources */,
				AD66222B2C22AD4E00297711 /* CycleCountModel.swift in Sources */,
				ABA49A9D2C212580004888CC /* RoutinePrepareView.swift in Sources */,
			);
			runOnlyForDeploymentPostprocessing = 0;
		};
/* End PBXSourcesBuildPhase section */

/* Begin XCBuildConfiguration section */
		ABA49A902C202DDB004888CC /* Debug */ = {
			isa = XCBuildConfiguration;
			buildSettings = {
				ALWAYS_SEARCH_USER_PATHS = NO;
				ASSETCATALOG_COMPILER_GENERATE_SWIFT_ASSET_SYMBOL_EXTENSIONS = YES;
				CLANG_ANALYZER_NONNULL = YES;
				CLANG_ANALYZER_NUMBER_OBJECT_CONVERSION = YES_AGGRESSIVE;
				CLANG_CXX_LANGUAGE_STANDARD = "gnu++20";
				CLANG_ENABLE_MODULES = YES;
				CLANG_ENABLE_OBJC_ARC = YES;
				CLANG_ENABLE_OBJC_WEAK = YES;
				CLANG_WARN_BLOCK_CAPTURE_AUTORELEASING = YES;
				CLANG_WARN_BOOL_CONVERSION = YES;
				CLANG_WARN_COMMA = YES;
				CLANG_WARN_CONSTANT_CONVERSION = YES;
				CLANG_WARN_DEPRECATED_OBJC_IMPLEMENTATIONS = YES;
				CLANG_WARN_DIRECT_OBJC_ISA_USAGE = YES_ERROR;
				CLANG_WARN_DOCUMENTATION_COMMENTS = YES;
				CLANG_WARN_EMPTY_BODY = YES;
				CLANG_WARN_ENUM_CONVERSION = YES;
				CLANG_WARN_INFINITE_RECURSION = YES;
				CLANG_WARN_INT_CONVERSION = YES;
				CLANG_WARN_NON_LITERAL_NULL_CONVERSION = YES;
				CLANG_WARN_OBJC_IMPLICIT_RETAIN_SELF = YES;
				CLANG_WARN_OBJC_LITERAL_CONVERSION = YES;
				CLANG_WARN_OBJC_ROOT_CLASS = YES_ERROR;
				CLANG_WARN_QUOTED_INCLUDE_IN_FRAMEWORK_HEADER = YES;
				CLANG_WARN_RANGE_LOOP_ANALYSIS = YES;
				CLANG_WARN_STRICT_PROTOTYPES = YES;
				CLANG_WARN_SUSPICIOUS_MOVE = YES;
				CLANG_WARN_UNGUARDED_AVAILABILITY = YES_AGGRESSIVE;
				CLANG_WARN_UNREACHABLE_CODE = YES;
				CLANG_WARN__DUPLICATE_METHOD_MATCH = YES;
				COPY_PHASE_STRIP = NO;
				DEBUG_INFORMATION_FORMAT = dwarf;
				ENABLE_STRICT_OBJC_MSGSEND = YES;
				ENABLE_TESTABILITY = YES;
				ENABLE_USER_SCRIPT_SANDBOXING = YES;
				GCC_C_LANGUAGE_STANDARD = gnu17;
				GCC_DYNAMIC_NO_PIC = NO;
				GCC_NO_COMMON_BLOCKS = YES;
				GCC_OPTIMIZATION_LEVEL = 0;
				GCC_PREPROCESSOR_DEFINITIONS = (
					"DEBUG=1",
					"$(inherited)",
				);
				GCC_WARN_64_TO_32_BIT_CONVERSION = YES;
				GCC_WARN_ABOUT_RETURN_TYPE = YES_ERROR;
				GCC_WARN_UNDECLARED_SELECTOR = YES;
				GCC_WARN_UNINITIALIZED_AUTOS = YES_AGGRESSIVE;
				GCC_WARN_UNUSED_FUNCTION = YES;
				GCC_WARN_UNUSED_VARIABLE = YES;
				IPHONEOS_DEPLOYMENT_TARGET = 17.5;
				LOCALIZATION_PREFERS_STRING_CATALOGS = YES;
				MTL_ENABLE_DEBUG_INFO = INCLUDE_SOURCE;
				MTL_FAST_MATH = YES;
				ONLY_ACTIVE_ARCH = YES;
				SDKROOT = iphoneos;
				SWIFT_ACTIVE_COMPILATION_CONDITIONS = "DEBUG $(inherited)";
				SWIFT_OPTIMIZATION_LEVEL = "-Onone";
			};
			name = Debug;
		};
		ABA49A912C202DDB004888CC /* Release */ = {
			isa = XCBuildConfiguration;
			buildSettings = {
				ALWAYS_SEARCH_USER_PATHS = NO;
				ASSETCATALOG_COMPILER_GENERATE_SWIFT_ASSET_SYMBOL_EXTENSIONS = YES;
				CLANG_ANALYZER_NONNULL = YES;
				CLANG_ANALYZER_NUMBER_OBJECT_CONVERSION = YES_AGGRESSIVE;
				CLANG_CXX_LANGUAGE_STANDARD = "gnu++20";
				CLANG_ENABLE_MODULES = YES;
				CLANG_ENABLE_OBJC_ARC = YES;
				CLANG_ENABLE_OBJC_WEAK = YES;
				CLANG_WARN_BLOCK_CAPTURE_AUTORELEASING = YES;
				CLANG_WARN_BOOL_CONVERSION = YES;
				CLANG_WARN_COMMA = YES;
				CLANG_WARN_CONSTANT_CONVERSION = YES;
				CLANG_WARN_DEPRECATED_OBJC_IMPLEMENTATIONS = YES;
				CLANG_WARN_DIRECT_OBJC_ISA_USAGE = YES_ERROR;
				CLANG_WARN_DOCUMENTATION_COMMENTS = YES;
				CLANG_WARN_EMPTY_BODY = YES;
				CLANG_WARN_ENUM_CONVERSION = YES;
				CLANG_WARN_INFINITE_RECURSION = YES;
				CLANG_WARN_INT_CONVERSION = YES;
				CLANG_WARN_NON_LITERAL_NULL_CONVERSION = YES;
				CLANG_WARN_OBJC_IMPLICIT_RETAIN_SELF = YES;
				CLANG_WARN_OBJC_LITERAL_CONVERSION = YES;
				CLANG_WARN_OBJC_ROOT_CLASS = YES_ERROR;
				CLANG_WARN_QUOTED_INCLUDE_IN_FRAMEWORK_HEADER = YES;
				CLANG_WARN_RANGE_LOOP_ANALYSIS = YES;
				CLANG_WARN_STRICT_PROTOTYPES = YES;
				CLANG_WARN_SUSPICIOUS_MOVE = YES;
				CLANG_WARN_UNGUARDED_AVAILABILITY = YES_AGGRESSIVE;
				CLANG_WARN_UNREACHABLE_CODE = YES;
				CLANG_WARN__DUPLICATE_METHOD_MATCH = YES;
				COPY_PHASE_STRIP = NO;
				DEBUG_INFORMATION_FORMAT = "dwarf-with-dsym";
				ENABLE_NS_ASSERTIONS = NO;
				ENABLE_STRICT_OBJC_MSGSEND = YES;
				ENABLE_USER_SCRIPT_SANDBOXING = YES;
				GCC_C_LANGUAGE_STANDARD = gnu17;
				GCC_NO_COMMON_BLOCKS = YES;
				GCC_WARN_64_TO_32_BIT_CONVERSION = YES;
				GCC_WARN_ABOUT_RETURN_TYPE = YES_ERROR;
				GCC_WARN_UNDECLARED_SELECTOR = YES;
				GCC_WARN_UNINITIALIZED_AUTOS = YES_AGGRESSIVE;
				GCC_WARN_UNUSED_FUNCTION = YES;
				GCC_WARN_UNUSED_VARIABLE = YES;
				IPHONEOS_DEPLOYMENT_TARGET = 17.5;
				LOCALIZATION_PREFERS_STRING_CATALOGS = YES;
				MTL_ENABLE_DEBUG_INFO = NO;
				MTL_FAST_MATH = YES;
				SDKROOT = iphoneos;
				SWIFT_COMPILATION_MODE = wholemodule;
				VALIDATE_PRODUCT = YES;
			};
			name = Release;
		};
		ABA49A932C202DDB004888CC /* Debug */ = {
			isa = XCBuildConfiguration;
			buildSettings = {
				ASSETCATALOG_COMPILER_APPICON_NAME = AppIcon;
				ASSETCATALOG_COMPILER_GLOBAL_ACCENT_COLOR_NAME = AccentColor;
				CODE_SIGN_ENTITLEMENTS = "2024-NC2-M20-ScreenTime/2024-NC2-M20-ScreenTime.entitlements";
				"CODE_SIGN_IDENTITY[sdk=iphoneos*]" = "iPhone Developer";
				CODE_SIGN_STYLE = Manual;
				CURRENT_PROJECT_VERSION = 1;
				DEVELOPMENT_ASSET_PATHS = "\"2024-NC2-M20-ScreenTime/Preview Content\"";
				DEVELOPMENT_TEAM = "";
				"DEVELOPMENT_TEAM[sdk=iphoneos*]" = 6ZNFG9P6YH;
				ENABLE_PREVIEWS = YES;
				GENERATE_INFOPLIST_FILE = YES;
				INFOPLIST_KEY_UIApplicationSceneManifest_Generation = YES;
				INFOPLIST_KEY_UIApplicationSupportsIndirectInputEvents = YES;
				INFOPLIST_KEY_UILaunchScreen_Generation = YES;
				INFOPLIST_KEY_UISupportedInterfaceOrientations_iPad = "UIInterfaceOrientationPortrait UIInterfaceOrientationPortraitUpsideDown UIInterfaceOrientationLandscapeLeft UIInterfaceOrientationLandscapeRight";
				INFOPLIST_KEY_UISupportedInterfaceOrientations_iPhone = "UIInterfaceOrientationPortrait UIInterfaceOrientationLandscapeLeft UIInterfaceOrientationLandscapeRight";
				IPHONEOS_DEPLOYMENT_TARGET = 17.4;
				LD_RUNPATH_SEARCH_PATHS = (
					"$(inherited)",
					"@executable_path/Frameworks",
				);
				MARKETING_VERSION = 1.0;
				PRODUCT_BUNDLE_IDENTIFIER = com.stargazers.star;
				PRODUCT_NAME = "$(TARGET_NAME)";
				PROVISIONING_PROFILE_SPECIFIER = "";
				"PROVISIONING_PROFILE_SPECIFIER[sdk=iphoneos*]" = group;
				SWIFT_EMIT_LOC_STRINGS = YES;
				SWIFT_VERSION = 5.0;
				TARGETED_DEVICE_FAMILY = "1,2";
			};
			name = Debug;
		};
		ABA49A942C202DDB004888CC /* Release */ = {
			isa = XCBuildConfiguration;
			buildSettings = {
				ASSETCATALOG_COMPILER_APPICON_NAME = AppIcon;
				ASSETCATALOG_COMPILER_GLOBAL_ACCENT_COLOR_NAME = AccentColor;
				CODE_SIGN_ENTITLEMENTS = "2024-NC2-M20-ScreenTime/2024-NC2-M20-ScreenTime.entitlements";
				"CODE_SIGN_IDENTITY[sdk=iphoneos*]" = "iPhone Developer";
				CODE_SIGN_STYLE = Manual;
				CURRENT_PROJECT_VERSION = 1;
				DEVELOPMENT_ASSET_PATHS = "\"2024-NC2-M20-ScreenTime/Preview Content\"";
				DEVELOPMENT_TEAM = "";
				"DEVELOPMENT_TEAM[sdk=iphoneos*]" = 6ZNFG9P6YH;
				ENABLE_PREVIEWS = YES;
				GENERATE_INFOPLIST_FILE = YES;
				INFOPLIST_KEY_UIApplicationSceneManifest_Generation = YES;
				INFOPLIST_KEY_UIApplicationSupportsIndirectInputEvents = YES;
				INFOPLIST_KEY_UILaunchScreen_Generation = YES;
				INFOPLIST_KEY_UISupportedInterfaceOrientations_iPad = "UIInterfaceOrientationPortrait UIInterfaceOrientationPortraitUpsideDown UIInterfaceOrientationLandscapeLeft UIInterfaceOrientationLandscapeRight";
				INFOPLIST_KEY_UISupportedInterfaceOrientations_iPhone = "UIInterfaceOrientationPortrait UIInterfaceOrientationLandscapeLeft UIInterfaceOrientationLandscapeRight";
				IPHONEOS_DEPLOYMENT_TARGET = 17.4;
				LD_RUNPATH_SEARCH_PATHS = (
					"$(inherited)",
					"@executable_path/Frameworks",
				);
				MARKETING_VERSION = 1.0;
				PRODUCT_BUNDLE_IDENTIFIER = com.stargazers.star;
				PRODUCT_NAME = "$(TARGET_NAME)";
				PROVISIONING_PROFILE_SPECIFIER = "";
				"PROVISIONING_PROFILE_SPECIFIER[sdk=iphoneos*]" = group;
				SWIFT_EMIT_LOC_STRINGS = YES;
				SWIFT_VERSION = 5.0;
				TARGETED_DEVICE_FAMILY = "1,2";
			};
			name = Release;
		};
/* End XCBuildConfiguration section */

/* Begin XCConfigurationList section */
		ABA49A7F2C202DDA004888CC /* Build configuration list for PBXProject "2024-NC2-M20-ScreenTime" */ = {
			isa = XCConfigurationList;
			buildConfigurations = (
				ABA49A902C202DDB004888CC /* Debug */,
				ABA49A912C202DDB004888CC /* Release */,
			);
			defaultConfigurationIsVisible = 0;
			defaultConfigurationName = Release;
		};
		ABA49A922C202DDB004888CC /* Build configuration list for PBXNativeTarget "2024-NC2-M20-ScreenTime" */ = {
			isa = XCConfigurationList;
			buildConfigurations = (
				ABA49A932C202DDB004888CC /* Debug */,
				ABA49A942C202DDB004888CC /* Release */,
			);
			defaultConfigurationIsVisible = 0;
			defaultConfigurationName = Release;
		};
/* End XCConfigurationList section */
	};
	rootObject = ABA49A7C2C202DDA004888CC /* Project object */;
}
